
Microsoft Visual Studio Solution File, Format Version 12.00
# Visual Studio Version 17
VisualStudioVersion = 17.3.32901.215
MinimumVisualStudioVersion = 10.0.40219.1
Project("{9A19103F-16F7-4668-BE54-9A1E7A4F7556}") = "Presentation.StockApp", "WebApplication1\Presentation.StockApp.csproj", "{063DC606-7B1A-4C2B-9AAA-B74EC708630A}"
EndProject
Project("{9A19103F-16F7-4668-BE54-9A1E7A4F7556}") = "StockApp.Infraestructure.persistence", "DataBase\StockApp.Infraestructure.persistence.csproj", "{B10236E5-DD4A-4405-8597-29AAB572D882}"
EndProject
Project("{9A19103F-16F7-4668-BE54-9A1E7A4F7556}") = "StockApp.Core.Application", "Aplication\StockApp.Core.Application.csproj", "{C29E0110-C656-4683-B3BF-F9183FB62DEF}"
EndProject
Project("{2150E333-8FDC-42A3-9474-1A3956D46DE8}") = "Source", "Source", "{963F3CE3-04FC-4E38-B7BF-1934A82A50FD}"
EndProject
Project("{2150E333-8FDC-42A3-9474-1A3956D46DE8}") = "Core", "Core", "{C83C555C-94CD-463A-8BAA-D3FA20E590A2}"
EndProject
Project("{2150E333-8FDC-42A3-9474-1A3956D46DE8}") = "Infraestructure", "Infraestructure", "{E0BED883-13FC-403C-8339-923443C0FBA1}"
EndProject
Project("{2150E333-8FDC-42A3-9474-1A3956D46DE8}") = "Presentation", "Presentation", "{F352E161-6339-44BA-B35C-6E5D020E8B04}"
EndProject
Project("{FAE04EC0-301F-11D3-BF4B-00C04F79EFBC}") = "StockApp.Core.Domain", "StockApp.Domain\StockApp.Core.Domain.csproj", "{EF8E3B13-99C1-49DE-9AB3-EBB7176AFA6F}"
EndProject
Global
	GlobalSection(SolutionConfigurationPlatforms) = preSolution
		Debug|Any CPU = Debug|Any CPU
		Release|Any CPU = Release|Any CPU
	EndGlobalSection
	GlobalSection(ProjectConfigurationPlatforms) = postSolution
		{063DC606-7B1A-4C2B-9AAA-B74EC708630A}.Debug|Any CPU.ActiveCfg = Debug|Any CPU
		{063DC606-7B1A-4C2B-9AAA-B74EC708630A}.Debug|Any CPU.Build.0 = Debug|Any CPU
		{063DC606-7B1A-4C2B-9AAA-B74EC708630A}.Release|Any CPU.ActiveCfg = Release|Any CPU
		{063DC606-7B1A-4C2B-9AAA-B74EC708630A}.Release|Any CPU.Build.0 = Release|Any CPU
		{B10236E5-DD4A-4405-8597-29AAB572D882}.Debug|Any CPU.ActiveCfg = Debug|Any CPU
		{B10236E5-DD4A-4405-8597-29AAB572D882}.Debug|Any CPU.Build.0 = Debug|Any CPU
		{B10236E5-DD4A-4405-8597-29AAB572D882}.Release|Any CPU.ActiveCfg = Release|Any CPU
		{B10236E5-DD4A-4405-8597-29AAB572D882}.Release|Any CPU.Build.0 = Release|Any CPU
		{C29E0110-C656-4683-B3BF-F9183FB62DEF}.Debug|Any CPU.ActiveCfg = Debug|Any CPU
		{C29E0110-C656-4683-B3BF-F9183FB62DEF}.Debug|Any CPU.Build.0 = Debug|Any CPU
		{C29E0110-C656-4683-B3BF-F9183FB62DEF}.Release|Any CPU.ActiveCfg = Release|Any CPU
		{C29E0110-C656-4683-B3BF-F9183FB62DEF}.Release|Any CPU.Build.0 = Release|Any CPU
		{EF8E3B13-99C1-49DE-9AB3-EBB7176AFA6F}.Debug|Any CPU.ActiveCfg = Debug|Any CPU
		{EF8E3B13-99C1-49DE-9AB3-EBB7176AFA6F}.Debug|Any CPU.Build.0 = Debug|Any CPU
		{EF8E3B13-99C1-49DE-9AB3-EBB7176AFA6F}.Release|Any CPU.ActiveCfg = Release|Any CPU
		{EF8E3B13-99C1-49DE-9AB3-EBB7176AFA6F}.Release|Any CPU.Build.0 = Release|Any CPU
	EndGlobalSection
	GlobalSection(SolutionProperties) = preSolution
		HideSolutionNode = FALSE
	EndGlobalSection
	GlobalSection(NestedProjects) = preSolution
		{063DC606-7B1A-4C2B-9AAA-B74EC708630A} = {F352E161-6339-44BA-B35C-6E5D020E8B04}
		{B10236E5-DD4A-4405-8597-29AAB572D882} = {E0BED883-13FC-403C-8339-923443C0FBA1}
		{C29E0110-C656-4683-B3BF-F9183FB62DEF} = {C83C555C-94CD-463A-8BAA-D3FA20E590A2}
		{C83C555C-94CD-463A-8BAA-D3FA20E590A2} = {963F3CE3-04FC-4E38-B7BF-1934A82A50FD}
		{E0BED883-13FC-403C-8339-923443C0FBA1} = {963F3CE3-04FC-4E38-B7BF-1934A82A50FD}
		{F352E161-6339-44BA-B35C-6E5D020E8B04} = {963F3CE3-04FC-4E38-B7BF-1934A82A50FD}
		{EF8E3B13-99C1-49DE-9AB3-EBB7176AFA6F} = {C83C555C-94CD-463A-8BAA-D3FA20E590A2}
	EndGlobalSection
	GlobalSection(ExtensibilityGlobals) = postSolution
		SolutionGuid = {27BE4050-8378-411D-A94A-C09C092F5E6B}
	EndGlobalSection
EndGlobal
